// !$*UTF8*$!
{
	archiveVersion = 1;
	classes = {
	};
	objectVersion = 55;
	objects = {

/* Begin PBXBuildFile section */
		1F35328A278EF18C00DAE6AD /* main.cpp in Sources */ = {isa = PBXBuildFile; fileRef = 1F353289278EF18C00DAE6AD /* main.cpp */; };
		1F353292278EF19B00DAE6AD /* libcurl.tbd in Frameworks */ = {isa = PBXBuildFile; fileRef = 1F353291278EF19B00DAE6AD /* libcurl.tbd */; };
		1F35329C278EF38C00DAE6AD /* NetPing.c in Sources */ = {isa = PBXBuildFile; fileRef = 1F35329B278EF38C00DAE6AD /* NetPing.c */; };
		1F35329E278EF5C700DAE6AD /* NetTrace.c in Sources */ = {isa = PBXBuildFile; fileRef = 1F35329D278EF5C700DAE6AD /* NetTrace.c */; };
		1F3532A0278EF95600DAE6AD /* CurlConnection.cpp in Sources */ = {isa = PBXBuildFile; fileRef = 1F35329F278EF95600DAE6AD /* CurlConnection.cpp */; };
		1F8EBB5E279546FF00FFAEC8 /* krypton.c in Sources */ = {isa = PBXBuildFile; fileRef = 1F8EBB5D279546FF00FFAEC8 /* krypton.c */; };
		1F8EBB612795473000FFAEC8 /* http_parser.c in Sources */ = {isa = PBXBuildFile; fileRef = 1F8EBB602795473000FFAEC8 /* http_parser.c */; };
		1F8EBB642795477200FFAEC8 /* http.c in Sources */ = {isa = PBXBuildFile; fileRef = 1F8EBB632795477200FFAEC8 /* http.c */; };
/* End PBXBuildFile section */

/* Begin PBXCopyFilesBuildPhase section */
		1F353284278EF18C00DAE6AD /* CopyFiles */ = {
			isa = PBXCopyFilesBuildPhase;
			buildActionMask = 2147483647;
			dstPath = /usr/share/man/man1/;
			dstSubfolderSpec = 0;
			files = (
			);
			runOnlyForDeploymentPostprocessing = 1;
		};
/* End PBXCopyFilesBuildPhase section */

/* Begin PBXFileReference section */
		1F353286278EF18C00DAE6AD /* NetTesting */ = {isa = PBXFileReference; explicitFileType = "compiled.mach-o.executable"; includeInIndex = 0; path = NetTesting; sourceTree = BUILT_PRODUCTS_DIR; };
		1F353289278EF18C00DAE6AD /* main.cpp */ = {isa = PBXFileReference; lastKnownFileType = sourcecode.cpp.cpp; path = main.cpp; sourceTree = "<group>"; };
		1F353291278EF19B00DAE6AD /* libcurl.tbd */ = {isa = PBXFileReference; lastKnownFileType = "sourcecode.text-based-dylib-definition"; name = libcurl.tbd; path = usr/lib/libcurl.tbd; sourceTree = SDKROOT; };
		1F35329A278EF36800DAE6AD /* NetTesting.h */ = {isa = PBXFileReference; lastKnownFileType = sourcecode.c.h; path = NetTesting.h; sourceTree = "<group>"; };
		1F35329B278EF38C00DAE6AD /* NetPing.c */ = {isa = PBXFileReference; lastKnownFileType = sourcecode.c.c; path = NetPing.c; sourceTree = "<group>"; };
		1F35329D278EF5C700DAE6AD /* NetTrace.c */ = {isa = PBXFileReference; lastKnownFileType = sourcecode.c.c; path = NetTrace.c; sourceTree = "<group>"; };
		1F35329F278EF95600DAE6AD /* CurlConnection.cpp */ = {isa = PBXFileReference; lastKnownFileType = sourcecode.cpp.cpp; path = CurlConnection.cpp; sourceTree = "<group>"; };
		1F8EBB5C279546FF00FFAEC8 /* krypton.h */ = {isa = PBXFileReference; lastKnownFileType = sourcecode.c.h; path = krypton.h; sourceTree = "<group>"; };
		1F8EBB5D279546FF00FFAEC8 /* krypton.c */ = {isa = PBXFileReference; lastKnownFileType = sourcecode.c.c; path = krypton.c; sourceTree = "<group>"; };
		1F8EBB5F2795473000FFAEC8 /* http_parser.h */ = {isa = PBXFileReference; lastKnownFileType = sourcecode.c.h; path = http_parser.h; sourceTree = "<group>"; };
		1F8EBB602795473000FFAEC8 /* http_parser.c */ = {isa = PBXFileReference; lastKnownFileType = sourcecode.c.c; path = http_parser.c; sourceTree = "<group>"; };
		1F8EBB622795477200FFAEC8 /* http.h */ = {isa = PBXFileReference; lastKnownFileType = sourcecode.c.h; path = http.h; sourceTree = "<group>"; };
		1F8EBB632795477200FFAEC8 /* http.c */ = {isa = PBXFileReference; lastKnownFileType = sourcecode.c.c; path = http.c; sourceTree = "<group>"; };
/* End PBXFileReference section */

/* Begin PBXFrameworksBuildPhase section */
		1F353283278EF18C00DAE6AD /* Frameworks */ = {
			isa = PBXFrameworksBuildPhase;
			buildActionMask = 2147483647;
			files = (
				1F353292278EF19B00DAE6AD /* libcurl.tbd in Frameworks */,
			);
			runOnlyForDeploymentPostprocessing = 0;
		};
/* End PBXFrameworksBuildPhase section */

/* Begin PBXGroup section */
		1F35327D278EF18C00DAE6AD = {
			isa = PBXGroup;
			children = (
				1F353288278EF18C00DAE6AD /* NetTesting */,
				1F353287278EF18C00DAE6AD /* Products */,
				1F353290278EF19A00DAE6AD /* Frameworks */,
			);
			sourceTree = "<group>";
		};
		1F353287278EF18C00DAE6AD /* Products */ = {
			isa = PBXGroup;
			children = (
				1F353286278EF18C00DAE6AD /* NetTesting */,
			);
			name = Products;
			sourceTree = "<group>";
		};
		1F353288278EF18C00DAE6AD /* NetTesting */ = {
			isa = PBXGroup;
			children = (
				1F8EBB5B279546EB00FFAEC8 /* chttp */,
				1F353289278EF18C00DAE6AD /* main.cpp */,
				1F35329A278EF36800DAE6AD /* NetTesting.h */,
				1F35329B278EF38C00DAE6AD /* NetPing.c */,
				1F35329D278EF5C700DAE6AD /* NetTrace.c */,
				1F35329F278EF95600DAE6AD /* CurlConnection.cpp */,
			);
			path = NetTesting;
			sourceTree = "<group>";
		};
		1F353290278EF19A00DAE6AD /* Frameworks */ = {
			isa = PBXGroup;
			children = (
				1F353291278EF19B00DAE6AD /* libcurl.tbd */,
			);
			name = Frameworks;
			sourceTree = "<group>";
		};
		1F8EBB5B279546EB00FFAEC8 /* chttp */ = {
			isa = PBXGroup;
			children = (
				1F8EBB5C279546FF00FFAEC8 /* krypton.h */,
				1F8EBB5D279546FF00FFAEC8 /* krypton.c */,
				1F8EBB5F2795473000FFAEC8 /* http_parser.h */,
				1F8EBB602795473000FFAEC8 /* http_parser.c */,
				1F8EBB622795477200FFAEC8 /* http.h */,
				1F8EBB632795477200FFAEC8 /* http.c */,
			);
			path = chttp;
			sourceTree = "<group>";
		};
/* End PBXGroup section */

/* Begin PBXNativeTarget section */
		1F353285278EF18C00DAE6AD /* NetTesting */ = {
			isa = PBXNativeTarget;
			buildConfigurationList = 1F35328D278EF18C00DAE6AD /* Build configuration list for PBXNativeTarget "NetTesting" */;
			buildPhases = (
				1F353282278EF18C00DAE6AD /* Sources */,
				1F353283278EF18C00DAE6AD /* Frameworks */,
				1F353284278EF18C00DAE6AD /* CopyFiles */,
			);
			buildRules = (
			);
			dependencies = (
			);
			name = NetTesting;
			productName = NetTesting;
			productReference = 1F353286278EF18C00DAE6AD /* NetTesting */;
			productType = "com.apple.product-type.tool";
		};
/* End PBXNativeTarget section */

/* Begin PBXProject section */
		1F35327E278EF18C00DAE6AD /* Project object */ = {
			isa = PBXProject;
			attributes = {
				BuildIndependentTargetsInParallel = 1;
				LastUpgradeCheck = 1310;
				TargetAttributes = {
					1F353285278EF18C00DAE6AD = {
						CreatedOnToolsVersion = 13.1;
					};
				};
			};
			buildConfigurationList = 1F353281278EF18C00DAE6AD /* Build configuration list for PBXProject "NetTesting" */;
			compatibilityVersion = "Xcode 13.0";
			developmentRegion = en;
			hasScannedForEncodings = 0;
			knownRegions = (
				en,
				Base,
			);
			mainGroup = 1F35327D278EF18C00DAE6AD;
			productRefGroup = 1F353287278EF18C00DAE6AD /* Products */;
			projectDirPath = "";
			projectRoot = "";
			targets = (
				1F353285278EF18C00DAE6AD /* NetTesting */,
			);
		};
/* End PBXProject section */

/* Begin PBXSourcesBuildPhase section */
		1F353282278EF18C00DAE6AD /* Sources */ = {
			isa = PBXSourcesBuildPhase;
			buildActionMask = 2147483647;
			files = (
				1F35328A278EF18C00DAE6AD /* main.cpp in Sources */,
				1F3532A0278EF95600DAE6AD /* CurlConnection.cpp in Sources */,
				1F8EBB5E279546FF00FFAEC8 /* krypton.c in Sources */,
				1F35329E278EF5C700DAE6AD /* NetTrace.c in Sources */,
				1F8EBB642795477200FFAEC8 /* http.c in Sources */,
				1F8EBB612795473000FFAEC8 /* http_parser.c in Sources */,
				1F35329C278EF38C00DAE6AD /* NetPing.c in Sources */,
			);
			runOnlyForDeploymentPostprocessing = 0;
		};
/* End PBXSourcesBuildPhase section */

/* Begin XCBuildConfiguration section */
		1F35328B278EF18C00DAE6AD /* Debug */ = {
			isa = XCBuildConfiguration;
			buildSettings = {
				ALWAYS_SEARCH_USER_PATHS = NO;
				CLANG_ANALYZER_NONNULL = YES;
				CLANG_ANALYZER_NUMBER_OBJECT_CONVERSION = YES_AGGRESSIVE;
				CLANG_CXX_LANGUAGE_STANDARD = "gnu++17";
				CLANG_CXX_LIBRARY = "libc++";
				CLANG_ENABLE_MODULES = YES;
				CLANG_ENABLE_OBJC_ARC = YES;
				CLANG_ENABLE_OBJC_WEAK = YES;
				CLANG_WARN_BLOCK_CAPTURE_AUTORELEASING = YES;
				CLANG_WARN_BOOL_CONVERSION = YES;
				CLANG_WARN_COMMA = YES;
				CLANG_WARN_CONSTANT_CONVERSION = YES;
				CLANG_WARN_DEPRECATED_OBJC_IMPLEMENTATIONS = YES;
				CLANG_WARN_DIRECT_OBJC_ISA_USAGE = YES_ERROR;
				CLANG_WARN_DOCUMENTATION_COMMENTS = YES;
				CLANG_WARN_EMPTY_BODY = YES;
				CLANG_WARN_ENUM_CONVERSION = YES;
				CLANG_WARN_INFINITE_RECURSION = YES;
				CLANG_WARN_INT_CONVERSION = YES;
				CLANG_WARN_NON_LITERAL_NULL_CONVERSION = YES;
				CLANG_WARN_OBJC_IMPLICIT_RETAIN_SELF = YES;
				CLANG_WARN_OBJC_LITERAL_CONVERSION = YES;
				CLANG_WARN_OBJC_ROOT_CLASS = YES_ERROR;
				CLANG_WARN_QUOTED_INCLUDE_IN_FRAMEWORK_HEADER = YES;
				CLANG_WARN_RANGE_LOOP_ANALYSIS = YES;
				CLANG_WARN_STRICT_PROTOTYPES = YES;
				CLANG_WARN_SUSPICIOUS_MOVE = YES;
				CLANG_WARN_UNGUARDED_AVAILABILITY = YES_AGGRESSIVE;
				CLANG_WARN_UNREACHABLE_CODE = YES;
				CLANG_WARN__DUPLICATE_METHOD_MATCH = YES;
				COPY_PHASE_STRIP = NO;
				DEBUG_INFORMATION_FORMAT = dwarf;
				ENABLE_STRICT_OBJC_MSGSEND = YES;
				ENABLE_TESTABILITY = YES;
				GCC_C_LANGUAGE_STANDARD = gnu11;
				GCC_DYNAMIC_NO_PIC = NO;
				GCC_NO_COMMON_BLOCKS = YES;
				GCC_OPTIMIZATION_LEVEL = 0;
				GCC_PREPROCESSOR_DEFINITIONS = (
					"DEBUG=1",
					"$(inherited)",
				);
				GCC_WARN_64_TO_32_BIT_CONVERSION = YES;
				GCC_WARN_ABOUT_RETURN_TYPE = YES_ERROR;
				GCC_WARN_UNDECLARED_SELECTOR = YES;
				GCC_WARN_UNINITIALIZED_AUTOS = YES_AGGRESSIVE;
				GCC_WARN_UNUSED_FUNCTION = YES;
				GCC_WARN_UNUSED_VARIABLE = YES;
				MACOSX_DEPLOYMENT_TARGET = 11.5;
				MTL_ENABLE_DEBUG_INFO = INCLUDE_SOURCE;
				MTL_FAST_MATH = YES;
				ONLY_ACTIVE_ARCH = YES;
				SDKROOT = macosx;
			};
			name = Debug;
		};
		1F35328C278EF18C00DAE6AD /* Release */ = {
			isa = XCBuildConfiguration;
			buildSettings = {
				ALWAYS_SEARCH_USER_PATHS = NO;
				CLANG_ANALYZER_NONNULL = YES;
				CLANG_ANALYZER_NUMBER_OBJECT_CONVERSION = YES_AGGRESSIVE;
				CLANG_CXX_LANGUAGE_STANDARD = "gnu++17";
				CLANG_CXX_LIBRARY = "libc++";
				CLANG_ENABLE_MODULES = YES;
				CLANG_ENABLE_OBJC_ARC = YES;
				CLANG_ENABLE_OBJC_WEAK = YES;
				CLANG_WARN_BLOCK_CAPTURE_AUTORELEASING = YES;
				CLANG_WARN_BOOL_CONVERSION = YES;
				CLANG_WARN_COMMA = YES;
				CLANG_WARN_CONSTANT_CONVERSION = YES;
				CLANG_WARN_DEPRECATED_OBJC_IMPLEMENTATIONS = YES;
				CLANG_WARN_DIRECT_OBJC_ISA_USAGE = YES_ERROR;
				CLANG_WARN_DOCUMENTATION_COMMENTS = YES;
				CLANG_WARN_EMPTY_BODY = YES;
				CLANG_WARN_ENUM_CONVERSION = YES;
				CLANG_WARN_INFINITE_RECURSION = YES;
				CLANG_WARN_INT_CONVERSION = YES;
				CLANG_WARN_NON_LITERAL_NULL_CONVERSION = YES;
				CLANG_WARN_OBJC_IMPLICIT_RETAIN_SELF = YES;
				CLANG_WARN_OBJC_LITERAL_CONVERSION = YES;
				CLANG_WARN_OBJC_ROOT_CLASS = YES_ERROR;
				CLANG_WARN_QUOTED_INCLUDE_IN_FRAMEWORK_HEADER = YES;
				CLANG_WARN_RANGE_LOOP_ANALYSIS = YES;
				CLANG_WARN_STRICT_PROTOTYPES = YES;
				CLANG_WARN_SUSPICIOUS_MOVE = YES;
				CLANG_WARN_UNGUARDED_AVAILABILITY = YES_AGGRESSIVE;
				CLANG_WARN_UNREACHABLE_CODE = YES;
				CLANG_WARN__DUPLICATE_METHOD_MATCH = YES;
				COPY_PHASE_STRIP = NO;
				DEBUG_INFORMATION_FORMAT = "dwarf-with-dsym";
				ENABLE_NS_ASSERTIONS = NO;
				ENABLE_STRICT_OBJC_MSGSEND = YES;
				GCC_C_LANGUAGE_STANDARD = gnu11;
				GCC_NO_COMMON_BLOCKS = YES;
				GCC_WARN_64_TO_32_BIT_CONVERSION = YES;
				GCC_WARN_ABOUT_RETURN_TYPE = YES_ERROR;
				GCC_WARN_UNDECLARED_SELECTOR = YES;
				GCC_WARN_UNINITIALIZED_AUTOS = YES_AGGRESSIVE;
				GCC_WARN_UNUSED_FUNCTION = YES;
				GCC_WARN_UNUSED_VARIABLE = YES;
				MACOSX_DEPLOYMENT_TARGET = 11.5;
				MTL_ENABLE_DEBUG_INFO = NO;
				MTL_FAST_MATH = YES;
				SDKROOT = macosx;
			};
			name = Release;
		};
		1F35328E278EF18C00DAE6AD /* Debug */ = {
			isa = XCBuildConfiguration;
			buildSettings = {
				CODE_SIGN_STYLE = Automatic;
				DEVELOPMENT_TEAM = K7B44CBVT6;
				ENABLE_HARDENED_RUNTIME = YES;
				PRODUCT_NAME = "$(TARGET_NAME)";
			};
			name = Debug;
		};
		1F35328F278EF18C00DAE6AD /* Release */ = {
			isa = XCBuildConfiguration;
			buildSettings = {
				CODE_SIGN_STYLE = Automatic;
				DEVELOPMENT_TEAM = K7B44CBVT6;
				ENABLE_HARDENED_RUNTIME = YES;
				PRODUCT_NAME = "$(TARGET_NAME)";
			};
			name = Release;
		};
/* End XCBuildConfiguration section */

/* Begin XCConfigurationList section */
		1F353281278EF18C00DAE6AD /* Build configuration list for PBXProject "NetTesting" */ = {
			isa = XCConfigurationList;
			buildConfigurations = (
				1F35328B278EF18C00DAE6AD /* Debug */,
				1F35328C278EF18C00DAE6AD /* Release */,
			);
			defaultConfigurationIsVisible = 0;
			defaultConfigurationName = Release;
		};
		1F35328D278EF18C00DAE6AD /* Build configuration list for PBXNativeTarget "NetTesting" */ = {
			isa = XCConfigurationList;
			buildConfigurations = (
				1F35328E278EF18C00DAE6AD /* Debug */,
				1F35328F278EF18C00DAE6AD /* Release */,
			);
			defaultConfigurationIsVisible = 0;
			defaultConfigurationName = Release;
		};
/* End XCConfigurationList section */
	};
	rootObject = 1F35327E278EF18C00DAE6AD /* Project object */;
}
